
Microsoft Visual Studio Solution File, Format Version 12.00
# Visual Studio 14
VisualStudioVersion = 14.0.25123.0
MinimumVisualStudioVersion = 10.0.40219.1
Project("{C8E90508-72E2-4AE9-924F-46460754CC39}") = "Sitecore.Support.95988", "Sitecore.Support.95988\Sitecore.Support.95988.csproj", "{6A1DE625-8449-4AC5-93DF-88A50CEF77EE}"
EndProject
Global
	GlobalSection(SolutionConfigurationPlatforms) = preSolution
		Debug|Any CPU = Debug|Any CPU
		Release|Any CPU = Release|Any CPU
	EndGlobalSection
	GlobalSection(ProjectConfigurationPlatforms) = postSolution
		{6A1DE625-8449-4AC5-93DF-88A50CEF77EE}.Debug|Any CPU.ActiveCfg = Debug|Any CPU
		{6A1DE625-8449-4AC5-93DF-88A50CEF77EE}.Debug|Any CPU.Build.0 = Debug|Any CPU
		{6A1DE625-8449-4AC5-93DF-88A50CEF77EE}.Release|Any CPU.ActiveCfg = Release|Any CPU
		{6A1DE625-8449-4AC5-93DF-88A50CEF77EE}.Release|Any CPU.Build.0 = Release|Any CPU
	EndGlobalSection
	GlobalSection(SolutionProperties) = preSolution
		HideSolutionNode = FALSE
	EndGlobalSection
EndGlobal
